
Microsoft Visual Studio Solution File, Format Version 12.00
# Visual Studio Version 16
VisualStudioVersion = 16.0.32802.440
MinimumVisualStudioVersion = 10.0.40219.1
Project("{FAE04EC0-301F-11D3-BF4B-00C04F79EFBC}") = "_10Tick-Tck-Toe", "_10Tick-Tck-Toe.csproj", "{BA4754A8-C8FE-4A10-8F34-F84106DD6E69}"
EndProject
Global
	GlobalSection(SolutionConfigurationPlatforms) = preSolution
		Debug|Any CPU = Debug|Any CPU
		Release|Any CPU = Release|Any CPU
	EndGlobalSection
	GlobalSection(ProjectConfigurationPlatforms) = postSolution
		{BA4754A8-C8FE-4A10-8F34-F84106DD6E69}.Debug|Any CPU.ActiveCfg = Debug|Any CPU
		{BA4754A8-C8FE-4A10-8F34-F84106DD6E69}.Debug|Any CPU.Build.0 = Debug|Any CPU
		{BA4754A8-C8FE-4A10-8F34-F84106DD6E69}.Release|Any CPU.ActiveCfg = Release|Any CPU
		{BA4754A8-C8FE-4A10-8F34-F84106DD6E69}.Release|Any CPU.Build.0 = Release|Any CPU
	EndGlobalSection
	GlobalSection(SolutionProperties) = preSolution
		HideSolutionNode = FALSE
	EndGlobalSection
	GlobalSection(ExtensibilityGlobals) = postSolution
		SolutionGuid = {60AABDFD-B425-4F23-AB59-B9F457076782}
	EndGlobalSection
EndGlobal
