
Microsoft Visual Studio Solution File, Format Version 12.00
# Visual Studio Version 16
VisualStudioVersion = 16.0.32802.440
MinimumVisualStudioVersion = 10.0.40219.1
Project("{FAE04EC0-301F-11D3-BF4B-00C04F79EFBC}") = "_07Canvas", "_07Canvas.csproj", "{0B3A50CF-B1D6-4B7E-83CC-747DDA674338}"
EndProject
Global
	GlobalSection(SolutionConfigurationPlatforms) = preSolution
		Debug|Any CPU = Debug|Any CPU
		Release|Any CPU = Release|Any CPU
	EndGlobalSection
	GlobalSection(ProjectConfigurationPlatforms) = postSolution
		{0B3A50CF-B1D6-4B7E-83CC-747DDA674338}.Debug|Any CPU.ActiveCfg = Debug|Any CPU
		{0B3A50CF-B1D6-4B7E-83CC-747DDA674338}.Debug|Any CPU.Build.0 = Debug|Any CPU
		{0B3A50CF-B1D6-4B7E-83CC-747DDA674338}.Release|Any CPU.ActiveCfg = Release|Any CPU
		{0B3A50CF-B1D6-4B7E-83CC-747DDA674338}.Release|Any CPU.Build.0 = Release|Any CPU
	EndGlobalSection
	GlobalSection(SolutionProperties) = preSolution
		HideSolutionNode = FALSE
	EndGlobalSection
	GlobalSection(ExtensibilityGlobals) = postSolution
		SolutionGuid = {E81FC84C-C13A-4098-A82F-8EA595FA2E2E}
	EndGlobalSection
EndGlobal
